
Microsoft Visual Studio Solution File, Format Version 10.00
# Visual Studio 2008
Project("{FAE04EC0-301F-11D3-BF4B-00C04F79EFBC}") = "Dominio", "Dominio\Dominio.csproj", "{31C1D97C-0D78-423A-91C6-9C31BDCE3AA4}"
EndProject
Project("{FAE04EC0-301F-11D3-BF4B-00C04F79EFBC}") = "Repositorio", "Repositorio\Repositorio.csproj", "{09F46F6B-190C-46CD-8D8E-4BB117CDD988}"
EndProject
Project("{FAE04EC0-301F-11D3-BF4B-00C04F79EFBC}") = "Slam", "Slam\Slam.csproj", "{5940F210-F182-4F0B-B75A-C308A0D47473}"
EndProject
Project("{FAE04EC0-301F-11D3-BF4B-00C04F79EFBC}") = "Servicio", "Servicio\Servicio.csproj", "{2F2D0BB4-3527-426C-B8CD-0C40D1250853}"
EndProject
Project("{FAE04EC0-301F-11D3-BF4B-00C04F79EFBC}") = "Reportes", "Reportes\Reportes.csproj", "{D706359D-54A9-4388-A89E-410C5ED8A715}"
EndProject
Project("{FAE04EC0-301F-11D3-BF4B-00C04F79EFBC}") = "SlamWeb", "SlamWeb\SlamWeb.csproj", "{8B339E1B-2F15-41F1-8AE8-DA0AEFFF823F}"
EndProject
Project("{FAE04EC0-301F-11D3-BF4B-00C04F79EFBC}") = "InstallerSlam", "InstallerSlam\InstallerSlam.csproj", "{75EB6FE4-0CEE-44E3-B60D-FADC73A47E85}"
EndProject
Project("{54435603-DBB4-11D2-8724-00A0C9A8B90C}") = "WebSetupSlam", "WebSetupSlam\WebSetupSlam.vdproj", "{A6856053-C7E6-4A01-888E-1443B64583D2}"
EndProject
Project("{54435603-DBB4-11D2-8724-00A0C9A8B90C}") = "SetupSlam", "SetupSlam\SetupSlam.vdproj", "{D1F1FA15-08B1-44E0-A2D5-E7BC5AC9014D}"
EndProject
Global
	GlobalSection(SubversionScc) = preSolution
		Svn-Managed = True
		Manager = AnkhSVN - Subversion Support for Visual Studio
	EndGlobalSection
	GlobalSection(SolutionConfigurationPlatforms) = preSolution
		Debug|Any CPU = Debug|Any CPU
		Release|Any CPU = Release|Any CPU
	EndGlobalSection
	GlobalSection(ProjectConfigurationPlatforms) = postSolution
		{31C1D97C-0D78-423A-91C6-9C31BDCE3AA4}.Debug|Any CPU.ActiveCfg = Debug|Any CPU
		{31C1D97C-0D78-423A-91C6-9C31BDCE3AA4}.Debug|Any CPU.Build.0 = Debug|Any CPU
		{31C1D97C-0D78-423A-91C6-9C31BDCE3AA4}.Release|Any CPU.ActiveCfg = Release|Any CPU
		{31C1D97C-0D78-423A-91C6-9C31BDCE3AA4}.Release|Any CPU.Build.0 = Release|Any CPU
		{09F46F6B-190C-46CD-8D8E-4BB117CDD988}.Debug|Any CPU.ActiveCfg = Debug|Any CPU
		{09F46F6B-190C-46CD-8D8E-4BB117CDD988}.Debug|Any CPU.Build.0 = Debug|Any CPU
		{09F46F6B-190C-46CD-8D8E-4BB117CDD988}.Release|Any CPU.ActiveCfg = Release|Any CPU
		{09F46F6B-190C-46CD-8D8E-4BB117CDD988}.Release|Any CPU.Build.0 = Release|Any CPU
		{5940F210-F182-4F0B-B75A-C308A0D47473}.Debug|Any CPU.ActiveCfg = Debug|Any CPU
		{5940F210-F182-4F0B-B75A-C308A0D47473}.Debug|Any CPU.Build.0 = Debug|Any CPU
		{5940F210-F182-4F0B-B75A-C308A0D47473}.Release|Any CPU.ActiveCfg = Release|Any CPU
		{5940F210-F182-4F0B-B75A-C308A0D47473}.Release|Any CPU.Build.0 = Release|Any CPU
		{2F2D0BB4-3527-426C-B8CD-0C40D1250853}.Debug|Any CPU.ActiveCfg = Debug|Any CPU
		{2F2D0BB4-3527-426C-B8CD-0C40D1250853}.Debug|Any CPU.Build.0 = Debug|Any CPU
		{2F2D0BB4-3527-426C-B8CD-0C40D1250853}.Release|Any CPU.ActiveCfg = Release|Any CPU
		{2F2D0BB4-3527-426C-B8CD-0C40D1250853}.Release|Any CPU.Build.0 = Release|Any CPU
		{D706359D-54A9-4388-A89E-410C5ED8A715}.Debug|Any CPU.ActiveCfg = Release|Any CPU
		{D706359D-54A9-4388-A89E-410C5ED8A715}.Debug|Any CPU.Build.0 = Debug|Any CPU
		{D706359D-54A9-4388-A89E-410C5ED8A715}.Release|Any CPU.ActiveCfg = Release|Any CPU
		{D706359D-54A9-4388-A89E-410C5ED8A715}.Release|Any CPU.Build.0 = Release|Any CPU
		{8B339E1B-2F15-41F1-8AE8-DA0AEFFF823F}.Debug|Any CPU.ActiveCfg = Debug|Any CPU
		{8B339E1B-2F15-41F1-8AE8-DA0AEFFF823F}.Debug|Any CPU.Build.0 = Debug|Any CPU
		{8B339E1B-2F15-41F1-8AE8-DA0AEFFF823F}.Release|Any CPU.ActiveCfg = Release|Any CPU
		{8B339E1B-2F15-41F1-8AE8-DA0AEFFF823F}.Release|Any CPU.Build.0 = Release|Any CPU
		{75EB6FE4-0CEE-44E3-B60D-FADC73A47E85}.Debug|Any CPU.ActiveCfg = Debug|Any CPU
		{75EB6FE4-0CEE-44E3-B60D-FADC73A47E85}.Debug|Any CPU.Build.0 = Debug|Any CPU
		{75EB6FE4-0CEE-44E3-B60D-FADC73A47E85}.Release|Any CPU.ActiveCfg = Release|Any CPU
		{75EB6FE4-0CEE-44E3-B60D-FADC73A47E85}.Release|Any CPU.Build.0 = Release|Any CPU
		{A6856053-C7E6-4A01-888E-1443B64583D2}.Debug|Any CPU.ActiveCfg = Debug
		{A6856053-C7E6-4A01-888E-1443B64583D2}.Release|Any CPU.ActiveCfg = Release
		{D1F1FA15-08B1-44E0-A2D5-E7BC5AC9014D}.Debug|Any CPU.ActiveCfg = Debug
		{D1F1FA15-08B1-44E0-A2D5-E7BC5AC9014D}.Release|Any CPU.ActiveCfg = Release
	EndGlobalSection
	GlobalSection(SolutionProperties) = preSolution
		HideSolutionNode = FALSE
	EndGlobalSection
EndGlobal
